{
  "version": "5",
  "specifiers": {
    "jsr:@hono/hono@*": "4.8.10",
    "jsr:@supabase/functions-js@^2.5.0": "2.5.0",
    "npm:@duckdb/duckdb-wasm@^1.30.0": "1.30.0",
    "npm:@types/node@*": "24.1.0",
    "npm:openai@^4.52.5": "4.104.0"
  },
  "jsr": {
    "@hono/hono@4.8.10": {
      "integrity": "dc7c9ee5ef33bdb8b1fd0fabc8093ce8b94389ed21c4928d4ac43019d67875f3"
    },
    "@supabase/functions-js@2.5.0": {
      "integrity": "c48e3fc5da1510ce6dab34af3fc49cd637ea7b721d92faffd0545cbdcc548430",
      "dependencies": [
        "npm:openai"
      ]
    }
  },
  "npm": {
    "@duckdb/duckdb-wasm@1.30.0": {
      "integrity": "sha512-9aWrm+4ayl4sTlvGtl/b+LxrUyXaac3yyVqkoJ3F7Vkd62PoS8PcQIRJ/KjXBW36LP1CnPY5jjvFyIcTFLtcXA==",
      "dependencies": [
        "apache-arrow"
      ]
    },
    "@swc/helpers@0.5.17": {
      "integrity": "sha512-5IKx/Y13RsYd+sauPb2x+U/xZikHjolzfuDgTAl/Tdf3Q8rslRvC19NKDLgAJQ6wsqADk10ntlv08nPFw/gO/A==",
      "dependencies": [
        "tslib"
      ]
    },
    "@types/command-line-args@5.2.3": {
      "integrity": "sha512-uv0aG6R0Y8WHZLTamZwtfsDLVRnOa+n+n5rEvFWL5Na5gZ8V2Teab/duDPFzIIIhs9qizDpcavCusCLJZu62Kw=="
    },
    "@types/command-line-usage@5.0.4": {
      "integrity": "sha512-BwR5KP3Es/CSht0xqBcUXS3qCAUVXwpRKsV2+arxeb65atasuXG9LykC9Ab10Cw3s2raH92ZqOeILaQbsB2ACg=="
    },
    "@types/node-fetch@2.6.13": {
      "integrity": "sha512-QGpRVpzSaUs30JBSGPjOg4Uveu384erbHBoT1zeONvyCfwQxIkUshLAOqN/k9EjGviPRmWTTe6aH2qySWKTVSw==",
      "dependencies": [
        "@types/node@24.1.0",
        "form-data"
      ]
    },
    "@types/node@18.19.121": {
      "integrity": "sha512-bHOrbyztmyYIi4f1R0s17QsPs1uyyYnGcXeZoGEd227oZjry0q6XQBQxd82X1I57zEfwO8h9Xo+Kl5gX1d9MwQ==",
      "dependencies": [
        "undici-types@5.26.5"
      ]
    },
    "@types/node@20.19.9": {
      "integrity": "sha512-cuVNgarYWZqxRJDQHEB58GEONhOK79QVR/qYx4S7kcUObQvUwvFnYxJuuHUKm2aieN9X3yZB4LZsuYNU1Qphsw==",
      "dependencies": [
        "undici-types@6.21.0"
      ]
    },
    "@types/node@24.1.0": {
      "integrity": "sha512-ut5FthK5moxFKH2T1CUOC6ctR67rQRvvHdFLCD2Ql6KXmMuCrjsSsRI9UsLCm9M18BMwClv4pn327UvB7eeO1w==",
      "dependencies": [
        "undici-types@7.8.0"
      ]
    },
    "abort-controller@3.0.0": {
      "integrity": "sha512-h8lQ8tacZYnR3vNQTgibj+tODHI5/+l06Au2Pcriv/Gmet0eaj4TwWH41sO9wnHDiQsEj19q0drzdWdeAHtweg==",
      "dependencies": [
        "event-target-shim"
      ]
    },
    "agentkeepalive@4.6.0": {
      "integrity": "sha512-kja8j7PjmncONqaTsB8fQ+wE2mSU2DJ9D4XKoJ5PFWIdRMa6SLSN1ff4mOr4jCbfRSsxR4keIiySJU0N9T5hIQ==",
      "dependencies": [
        "humanize-ms"
      ]
    },
    "ansi-styles@4.3.0": {
      "integrity": "sha512-zbB9rCJAT1rbjiVDb2hqKFHNYLxgtk8NURxZ3IZwD3F6NtxbXZQCnnSi1Lkx+IDohdPlFp222wVALIheZJQSEg==",
      "dependencies": [
        "color-convert"
      ]
    },
    "apache-arrow@17.0.0": {
      "integrity": "sha512-X0p7auzdnGuhYMVKYINdQssS4EcKec9TCXyez/qtJt32DrIMGbzqiaMiQ0X6fQlQpw8Fl0Qygcv4dfRAr5Gu9Q==",
      "dependencies": [
        "@swc/helpers",
        "@types/command-line-args",
        "@types/command-line-usage",
        "@types/node@20.19.9",
        "command-line-args",
        "command-line-usage",
        "flatbuffers",
        "json-bignum",
        "tslib"
      ],
      "bin": true
    },
    "array-back@3.1.0": {
      "integrity": "sha512-TkuxA4UCOvxuDK6NZYXCalszEzj+TLszyASooky+i742l9TqsOdYCMJJupxRic61hwquNtppB3hgcuq9SVSH1Q=="
    },
    "array-back@6.2.2": {
      "integrity": "sha512-gUAZ7HPyb4SJczXAMUXMGAvI976JoK3qEx9v1FTmeYuJj0IBiaKttG1ydtGKdkfqWkIkouke7nG8ufGy77+Cvw=="
    },
    "asynckit@0.4.0": {
      "integrity": "sha512-Oei9OH4tRh0YqU3GxhX79dM/mwVgvbZJaSNaRk+bshkj0S5cfHcgYakreBjrHwatXKbz+IoIdYLxrKim2MjW0Q=="
    },
    "call-bind-apply-helpers@1.0.2": {
      "integrity": "sha512-Sp1ablJ0ivDkSzjcaJdxEunN5/XvksFJ2sMBFfq6x0ryhQV/2b/KwFe21cMpmHtPOSij8K99/wSfoEuTObmuMQ==",
      "dependencies": [
        "es-errors",
        "function-bind"
      ]
    },
    "chalk-template@0.4.0": {
      "integrity": "sha512-/ghrgmhfY8RaSdeo43hNXxpoHAtxdbskUHjPpfqUWGttFgycUhYPGx3YZBCnUCvOa7Doivn1IZec3DEGFoMgLg==",
      "dependencies": [
        "chalk"
      ]
    },
    "chalk@4.1.2": {
      "integrity": "sha512-oKnbhFyRIXpUuez8iBMmyEa4nbj4IOQyuhc/wy9kY7/WVPcwIO9VA668Pu8RkO7+0G76SLROeyw9CpQ061i4mA==",
      "dependencies": [
        "ansi-styles",
        "supports-color"
      ]
    },
    "color-convert@2.0.1": {
      "integrity": "sha512-RRECPsj7iu/xb5oKYcsFHSppFNnsj/52OVTRKb4zP5onXwVF3zVmmToNcOfGC+CRDpfK/U584fMg38ZHCaElKQ==",
      "dependencies": [
        "color-name"
      ]
    },
    "color-name@1.1.4": {
      "integrity": "sha512-dOy+3AuW3a2wNbZHIuMZpTcgjGuLU/uBL/ubcZF9OXbDo8ff4O8yVp5Bf0efS8uEoYo5q4Fx7dY9OgQGXgAsQA=="
    },
    "combined-stream@1.0.8": {
      "integrity": "sha512-FQN4MRfuJeHf7cBbBMJFXhKSDq+2kAArBlmRBvcvFE5BB1HZKXtSFASDhdlz9zOYwxh8lDdnvmMOe/+5cdoEdg==",
      "dependencies": [
        "delayed-stream"
      ]
    },
    "command-line-args@5.2.1": {
      "integrity": "sha512-H4UfQhZyakIjC74I9d34fGYDwk3XpSr17QhEd0Q3I9Xq1CETHo4Hcuo87WyWHpAF1aSLjLRf5lD9ZGX2qStUvg==",
      "dependencies": [
        "array-back@3.1.0",
        "find-replace",
        "lodash.camelcase",
        "typical@4.0.0"
      ]
    },
    "command-line-usage@7.0.3": {
      "integrity": "sha512-PqMLy5+YGwhMh1wS04mVG44oqDsgyLRSKJBdOo1bnYhMKBW65gZF1dRp2OZRhiTjgUHljy99qkO7bsctLaw35Q==",
      "dependencies": [
        "array-back@6.2.2",
        "chalk-template",
        "table-layout",
        "typical@7.3.0"
      ]
    },
    "delayed-stream@1.0.0": {
      "integrity": "sha512-ZySD7Nf91aLB0RxL4KGrKHBXl7Eds1DAmEdcoVawXnLD7SDhpNgtuII2aAkg7a7QS41jxPSZ17p4VdGnMHk3MQ=="
    },
    "dunder-proto@1.0.1": {
      "integrity": "sha512-KIN/nDJBQRcXw0MLVhZE9iQHmG68qAVIBg9CqmUYjmQIhgij9U5MFvrqkUL5FbtyyzZuOeOt0zdeRe4UY7ct+A==",
      "dependencies": [
        "call-bind-apply-helpers",
        "es-errors",
        "gopd"
      ]
    },
    "es-define-property@1.0.1": {
      "integrity": "sha512-e3nRfgfUZ4rNGL232gUgX06QNyyez04KdjFrF+LTRoOXmrOgFKDg4BCdsjW8EnT69eqdYGmRpJwiPVYNrCaW3g=="
    },
    "es-errors@1.3.0": {
      "integrity": "sha512-Zf5H2Kxt2xjTvbJvP2ZWLEICxA6j+hAmMzIlypy4xcBg1vKVnx89Wy0GbS+kf5cwCVFFzdCFh2XSCFNULS6csw=="
    },
    "es-object-atoms@1.1.1": {
      "integrity": "sha512-FGgH2h8zKNim9ljj7dankFPcICIK9Cp5bm+c2gQSYePhpaG5+esrLODihIorn+Pe6FGJzWhXQotPv73jTaldXA==",
      "dependencies": [
        "es-errors"
      ]
    },
    "es-set-tostringtag@2.1.0": {
      "integrity": "sha512-j6vWzfrGVfyXxge+O0x5sh6cvxAog0a/4Rdd2K36zCMV5eJ+/+tOAngRO8cODMNWbVRdVlmGZQL2YS3yR8bIUA==",
      "dependencies": [
        "es-errors",
        "get-intrinsic",
        "has-tostringtag",
        "hasown"
      ]
    },
    "event-target-shim@5.0.1": {
      "integrity": "sha512-i/2XbnSz/uxRCU6+NdVJgKWDTM427+MqYbkQzD321DuCQJUqOuJKIA0IM2+W2xtYHdKOmZ4dR6fExsd4SXL+WQ=="
    },
    "find-replace@3.0.0": {
      "integrity": "sha512-6Tb2myMioCAgv5kfvP5/PkZZ/ntTpVK39fHY7WkWBgvbeE+VHd/tZuZ4mrC+bxh4cfOZeYKVPaJIZtZXV7GNCQ==",
      "dependencies": [
        "array-back@3.1.0"
      ]
    },
    "flatbuffers@24.12.23": {
      "integrity": "sha512-dLVCAISd5mhls514keQzmEG6QHmUUsNuWsb4tFafIUwvvgDjXhtfAYSKOzt5SWOy+qByV5pbsDZ+Vb7HUOBEdA=="
    },
    "form-data-encoder@1.7.2": {
      "integrity": "sha512-qfqtYan3rxrnCk1VYaA4H+Ms9xdpPqvLZa6xmMgFvhO32x7/3J/ExcTd6qpxM0vH2GdMI+poehyBZvqfMTto8A=="
    },
    "form-data@4.0.4": {
      "integrity": "sha512-KrGhL9Q4zjj0kiUt5OO4Mr/A/jlI2jDYs5eHBpYHPcBEVSiipAvn2Ko2HnPe20rmcuuvMHNdZFp+4IlGTMF0Ow==",
      "dependencies": [
        "asynckit",
        "combined-stream",
        "es-set-tostringtag",
        "hasown",
        "mime-types"
      ]
    },
    "formdata-node@4.4.1": {
      "integrity": "sha512-0iirZp3uVDjVGt9p49aTaqjk84TrglENEDuqfdlZQ1roC9CWlPk6Avf8EEnZNcAqPonwkG35x4n3ww/1THYAeQ==",
      "dependencies": [
        "node-domexception",
        "web-streams-polyfill"
      ]
    },
    "function-bind@1.1.2": {
      "integrity": "sha512-7XHNxH7qX9xG5mIwxkhumTox/MIRNcOgDrxWsMt2pAr23WHp6MrRlN7FBSFpCpr+oVO0F744iUgR82nJMfG2SA=="
    },
    "get-intrinsic@1.3.0": {
      "integrity": "sha512-9fSjSaos/fRIVIp+xSJlE6lfwhES7LNtKaCBIamHsjr2na1BiABJPo0mOjjz8GJDURarmCPGqaiVg5mfjb98CQ==",
      "dependencies": [
        "call-bind-apply-helpers",
        "es-define-property",
        "es-errors",
        "es-object-atoms",
        "function-bind",
        "get-proto",
        "gopd",
        "has-symbols",
        "hasown",
        "math-intrinsics"
      ]
    },
    "get-proto@1.0.1": {
      "integrity": "sha512-sTSfBjoXBp89JvIKIefqw7U2CCebsc74kiY6awiGogKtoSGbgjYE/G/+l9sF3MWFPNc9IcoOC4ODfKHfxFmp0g==",
      "dependencies": [
        "dunder-proto",
        "es-object-atoms"
      ]
    },
    "gopd@1.2.0": {
      "integrity": "sha512-ZUKRh6/kUFoAiTAtTYPZJ3hw9wNxx+BIBOijnlG9PnrJsCcSjs1wyyD6vJpaYtgnzDrKYRSqf3OO6Rfa93xsRg=="
    },
    "has-flag@4.0.0": {
      "integrity": "sha512-EykJT/Q1KjTWctppgIAgfSO0tKVuZUjhgMr17kqTumMl6Afv3EISleU7qZUzoXDFTAHTDC4NOoG/ZxU3EvlMPQ=="
    },
    "has-symbols@1.1.0": {
      "integrity": "sha512-1cDNdwJ2Jaohmb3sg4OmKaMBwuC48sYni5HUw2DvsC8LjGTLK9h+eb1X6RyuOHe4hT0ULCW68iomhjUoKUqlPQ=="
    },
    "has-tostringtag@1.0.2": {
      "integrity": "sha512-NqADB8VjPFLM2V0VvHUewwwsw0ZWBaIdgo+ieHtK3hasLz4qeCRjYcqfB6AQrBggRKppKF8L52/VqdVsO47Dlw==",
      "dependencies": [
        "has-symbols"
      ]
    },
    "hasown@2.0.2": {
      "integrity": "sha512-0hJU9SCPvmMzIBdZFqNPXWa6dqh7WdH0cII9y+CyS8rG3nL48Bclra9HmKhVVUHyPWNH5Y7xDwAB7bfgSjkUMQ==",
      "dependencies": [
        "function-bind"
      ]
    },
    "humanize-ms@1.2.1": {
      "integrity": "sha512-Fl70vYtsAFb/C06PTS9dZBo7ihau+Tu/DNCk/OyHhea07S+aeMWpFFkUaXRa8fI+ScZbEI8dfSxwY7gxZ9SAVQ==",
      "dependencies": [
        "ms"
      ]
    },
    "json-bignum@0.0.3": {
      "integrity": "sha512-2WHyXj3OfHSgNyuzDbSxI1w2jgw5gkWSWhS7Qg4bWXx1nLk3jnbwfUeS0PSba3IzpTUWdHxBieELUzXRjQB2zg=="
    },
    "lodash.camelcase@4.3.0": {
      "integrity": "sha512-TwuEnCnxbc3rAvhf/LbG7tJUDzhqXyFnv3dtzLOPgCG/hODL7WFnsbwktkD7yUV0RrreP/l1PALq/YSg6VvjlA=="
    },
    "math-intrinsics@1.1.0": {
      "integrity": "sha512-/IXtbwEk5HTPyEwyKX6hGkYXxM9nbj64B+ilVJnC/R6B0pH5G4V3b0pVbL7DBj4tkhBAppbQUlf6F6Xl9LHu1g=="
    },
    "mime-db@1.52.0": {
      "integrity": "sha512-sPU4uV7dYlvtWJxwwxHD0PuihVNiE7TyAbQ5SWxDCB9mUYvOgroQOwYQQOKPJ8CIbE+1ETVlOoK1UC2nU3gYvg=="
    },
    "mime-types@2.1.35": {
      "integrity": "sha512-ZDY+bPm5zTTF+YpCrAU9nK0UgICYPT0QtT1NZWFv4s++TNkcgVaT0g6+4R2uI4MjQjzysHB1zxuWL50hzaeXiw==",
      "dependencies": [
        "mime-db"
      ]
    },
    "ms@2.1.3": {
      "integrity": "sha512-6FlzubTLZG3J2a/NVCAleEhjzq5oxgHyaCU9yYXvcLsvoVaHJq/s5xXI6/XXP6tz7R9xAOtHnSO/tXtF3WRTlA=="
    },
    "node-domexception@1.0.0": {
      "integrity": "sha512-/jKZoMpw0F8GRwl4/eLROPA3cfcXtLApP0QzLmUT/HuPCZWyB7IY9ZrMeKw2O/nFIqPQB3PVM9aYm0F312AXDQ==",
      "deprecated": true
    },
    "node-fetch@2.7.0": {
      "integrity": "sha512-c4FRfUm/dbcWZ7U+1Wq0AwCyFL+3nt2bEw05wfxSz+DWpWsitgmSgYmy2dQdWyKC1694ELPqMs/YzUSNozLt8A==",
      "dependencies": [
        "whatwg-url"
      ]
    },
    "openai@4.104.0": {
      "integrity": "sha512-p99EFNsA/yX6UhVO93f5kJsDRLAg+CTA2RBqdHK4RtK8u5IJw32Hyb2dTGKbnnFmnuoBv5r7Z2CURI9sGZpSuA==",
      "dependencies": [
        "@types/node@18.19.121",
        "@types/node-fetch",
        "abort-controller",
        "agentkeepalive",
        "form-data-encoder",
        "formdata-node",
        "node-fetch"
      ],
      "bin": true
    },
    "supports-color@7.2.0": {
      "integrity": "sha512-qpCAvRl9stuOHveKsn7HncJRvv501qIacKzQlO/+Lwxc9+0q2wLyv4Dfvt80/DPn2pqOBsJdDiogXGR9+OvwRw==",
      "dependencies": [
        "has-flag"
      ]
    },
    "table-layout@4.1.1": {
      "integrity": "sha512-iK5/YhZxq5GO5z8wb0bY1317uDF3Zjpha0QFFLA8/trAoiLbQD0HUbMesEaxyzUgDxi2QlcbM8IvqOlEjgoXBA==",
      "dependencies": [
        "array-back@6.2.2",
        "wordwrapjs"
      ]
    },
    "tr46@0.0.3": {
      "integrity": "sha512-N3WMsuqV66lT30CrXNbEjx4GEwlow3v6rr4mCcv6prnfwhS01rkgyFdjPNBYd9br7LpXV1+Emh01fHnq2Gdgrw=="
    },
    "tslib@2.8.1": {
      "integrity": "sha512-oJFu94HQb+KVduSUQL7wnpmqnfmLsOA/nAh6b6EH0wCEoK0/mPeXU6c3wKDV83MkOuHPRHtSXKKU99IBazS/2w=="
    },
    "typical@4.0.0": {
      "integrity": "sha512-VAH4IvQ7BDFYglMd7BPRDfLgxZZX4O4TFcRDA6EN5X7erNJJq+McIEp8np9aVtxrCJ6qx4GTYVfOWNjcqwZgRw=="
    },
    "typical@7.3.0": {
      "integrity": "sha512-ya4mg/30vm+DOWfBg4YK3j2WD6TWtRkCbasOJr40CseYENzCUby/7rIvXA99JGsQHeNxLbnXdyLLxKSv3tauFw=="
    },
    "undici-types@5.26.5": {
      "integrity": "sha512-JlCMO+ehdEIKqlFxk6IfVoAUVmgz7cU7zD/h9XZ0qzeosSHmUJVOzSQvvYSYWXkFXC+IfLKSIffhv0sVZup6pA=="
    },
    "undici-types@6.21.0": {
      "integrity": "sha512-iwDZqg0QAGrg9Rav5H4n0M64c3mkR59cJ6wQp+7C4nI0gsmExaedaYLNO44eT4AtBBwjbTiGPMlt2Md0T9H9JQ=="
    },
    "undici-types@7.8.0": {
      "integrity": "sha512-9UJ2xGDvQ43tYyVMpuHlsgApydB8ZKfVYTsLDhXkFL/6gfkp+U8xTGdh8pMJv1SpZna0zxG1DwsKZsreLbXBxw=="
    },
    "web-streams-polyfill@4.0.0-beta.3": {
      "integrity": "sha512-QW95TCTaHmsYfHDybGMwO5IJIM93I/6vTRk+daHTWFPhwh+C8Cg7j7XyKrwrj8Ib6vYXe0ocYNrmzY4xAAN6ug=="
    },
    "webidl-conversions@3.0.1": {
      "integrity": "sha512-2JAn3z8AR6rjK8Sm8orRC0h/bcl/DqL7tRPdGZ4I1CjdF+EaMLmYxBHyXuKL849eucPFhvBoxMsflfOb8kxaeQ=="
    },
    "whatwg-url@5.0.0": {
      "integrity": "sha512-saE57nupxk6v3HY35+jzBwYa0rKSy0XR8JSxZPwgLr7ys0IBzhGviA1/TUGJLmSVqs8pb9AnvICXEuOHLprYTw==",
      "dependencies": [
        "tr46",
        "webidl-conversions"
      ]
    },
    "wordwrapjs@5.1.1": {
      "integrity": "sha512-0yweIbkINJodk27gX9LBGMzyQdBDan3s/dEAiwBOj+Mf0PPyWL6/rikalkv8EeD0E8jm4o5RXEOrFTP3NXbhJg=="
    }
  },
  "workspace": {
    "dependencies": [
      "jsr:@hono/hono@*",
      "jsr:@supabase/functions-js@^2.5.0",
      "npm:@duckdb/duckdb-wasm@^1.30.0"
    ]
  }
}
